
Microsoft Visual Studio Solution File, Format Version 12.00
# Visual Studio Version 17
VisualStudioVersion = 17.2.32616.157
MinimumVisualStudioVersion = 10.0.40219.1
Project("{FAE04EC0-301F-11D3-BF4B-00C04F79EFBC}") = "Task_01_Dictionary", "Task_01_Dictionary\Task_01_Dictionary.csproj", "{62F5AD72-95F0-49BF-AFFE-CB4DB96F6719}"
EndProject
Project("{FAE04EC0-301F-11D3-BF4B-00C04F79EFBC}") = "Task_02_Serialize", "Task_02_Serialize\Task_02_Serialize.csproj", "{18527909-7CA0-462D-ADE0-AC4581692E10}"
EndProject
Global
	GlobalSection(SolutionConfigurationPlatforms) = preSolution
		Debug|Any CPU = Debug|Any CPU
		Release|Any CPU = Release|Any CPU
	EndGlobalSection
	GlobalSection(ProjectConfigurationPlatforms) = postSolution
		{62F5AD72-95F0-49BF-AFFE-CB4DB96F6719}.Debug|Any CPU.ActiveCfg = Debug|Any CPU
		{62F5AD72-95F0-49BF-AFFE-CB4DB96F6719}.Debug|Any CPU.Build.0 = Debug|Any CPU
		{62F5AD72-95F0-49BF-AFFE-CB4DB96F6719}.Release|Any CPU.ActiveCfg = Release|Any CPU
		{62F5AD72-95F0-49BF-AFFE-CB4DB96F6719}.Release|Any CPU.Build.0 = Release|Any CPU
		{18527909-7CA0-462D-ADE0-AC4581692E10}.Debug|Any CPU.ActiveCfg = Debug|Any CPU
		{18527909-7CA0-462D-ADE0-AC4581692E10}.Debug|Any CPU.Build.0 = Debug|Any CPU
		{18527909-7CA0-462D-ADE0-AC4581692E10}.Release|Any CPU.ActiveCfg = Release|Any CPU
		{18527909-7CA0-462D-ADE0-AC4581692E10}.Release|Any CPU.Build.0 = Release|Any CPU
	EndGlobalSection
	GlobalSection(SolutionProperties) = preSolution
		HideSolutionNode = FALSE
	EndGlobalSection
	GlobalSection(ExtensibilityGlobals) = postSolution
		SolutionGuid = {9405173A-31EC-47BF-968E-3F5B27D0FF86}
	EndGlobalSection
EndGlobal
