
Microsoft Visual Studio Solution File, Format Version 12.00
# Visual Studio Version 17
VisualStudioVersion = 17.2.32616.157
MinimumVisualStudioVersion = 10.0.40219.1
Project("{9A19103F-16F7-4668-BE54-9A1E7A4F7556}") = "BinarySearch", "LeetCode\BinarySearch.csproj", "{FCEC5EF9-50A9-4D40-A43C-BE671ED37EFB}"
EndProject
Project("{9A19103F-16F7-4668-BE54-9A1E7A4F7556}") = "0977_Squares_of_a_Sorted_Array", "0977_Squares_of_a_Sorted_Array\0977_Squares_of_a_Sorted_Array.csproj", "{ECE1F632-BB4F-40C2-856B-84B4C742B6DB}"
EndProject
Project("{9A19103F-16F7-4668-BE54-9A1E7A4F7556}") = "0189_Rotate_Array", "0189_Rotate_Array\0189_Rotate_Array.csproj", "{8CB7EDD3-F017-4DF5-9920-1B4E60642207}"
EndProject
Project("{9A19103F-16F7-4668-BE54-9A1E7A4F7556}") = "0283_Move_Zeroes", "0283_Move_Zeroes\0283_Move_Zeroes.csproj", "{83C963C0-45A5-4820-816E-43FFBA78EE4E}"
EndProject
Project("{FAE04EC0-301F-11D3-BF4B-00C04F79EFBC}") = "0167_Two_Sum_II", "0167_Two_Sum_II\0167_Two_Sum_II.csproj", "{122A507F-A736-440E-9814-CFF77B84D32E}"
EndProject
Project("{FAE04EC0-301F-11D3-BF4B-00C04F79EFBC}") = "0344_Reverse_String", "0344_Reverse_String\0344_Reverse_String.csproj", "{F0A41095-26D7-4AAD-9732-20C845C9C690}"
EndProject
Project("{FAE04EC0-301F-11D3-BF4B-00C04F79EFBC}") = "0557_Reverse_Words_in_a_String_III", "0557_Reverse_Words_in_a_String_III\0557_Reverse_Words_in_a_String_III.csproj", "{815CE8C2-EB26-4857-8E4E-F87B587039B5}"
EndProject
Global
	GlobalSection(SolutionConfigurationPlatforms) = preSolution
		Debug|Any CPU = Debug|Any CPU
		Release|Any CPU = Release|Any CPU
	EndGlobalSection
	GlobalSection(ProjectConfigurationPlatforms) = postSolution
		{FCEC5EF9-50A9-4D40-A43C-BE671ED37EFB}.Debug|Any CPU.ActiveCfg = Debug|Any CPU
		{FCEC5EF9-50A9-4D40-A43C-BE671ED37EFB}.Debug|Any CPU.Build.0 = Debug|Any CPU
		{FCEC5EF9-50A9-4D40-A43C-BE671ED37EFB}.Release|Any CPU.ActiveCfg = Release|Any CPU
		{FCEC5EF9-50A9-4D40-A43C-BE671ED37EFB}.Release|Any CPU.Build.0 = Release|Any CPU
		{ECE1F632-BB4F-40C2-856B-84B4C742B6DB}.Debug|Any CPU.ActiveCfg = Debug|Any CPU
		{ECE1F632-BB4F-40C2-856B-84B4C742B6DB}.Debug|Any CPU.Build.0 = Debug|Any CPU
		{ECE1F632-BB4F-40C2-856B-84B4C742B6DB}.Release|Any CPU.ActiveCfg = Release|Any CPU
		{ECE1F632-BB4F-40C2-856B-84B4C742B6DB}.Release|Any CPU.Build.0 = Release|Any CPU
		{8CB7EDD3-F017-4DF5-9920-1B4E60642207}.Debug|Any CPU.ActiveCfg = Debug|Any CPU
		{8CB7EDD3-F017-4DF5-9920-1B4E60642207}.Debug|Any CPU.Build.0 = Debug|Any CPU
		{8CB7EDD3-F017-4DF5-9920-1B4E60642207}.Release|Any CPU.ActiveCfg = Release|Any CPU
		{8CB7EDD3-F017-4DF5-9920-1B4E60642207}.Release|Any CPU.Build.0 = Release|Any CPU
		{83C963C0-45A5-4820-816E-43FFBA78EE4E}.Debug|Any CPU.ActiveCfg = Debug|Any CPU
		{83C963C0-45A5-4820-816E-43FFBA78EE4E}.Debug|Any CPU.Build.0 = Debug|Any CPU
		{83C963C0-45A5-4820-816E-43FFBA78EE4E}.Release|Any CPU.ActiveCfg = Release|Any CPU
		{83C963C0-45A5-4820-816E-43FFBA78EE4E}.Release|Any CPU.Build.0 = Release|Any CPU
		{122A507F-A736-440E-9814-CFF77B84D32E}.Debug|Any CPU.ActiveCfg = Debug|Any CPU
		{122A507F-A736-440E-9814-CFF77B84D32E}.Debug|Any CPU.Build.0 = Debug|Any CPU
		{122A507F-A736-440E-9814-CFF77B84D32E}.Release|Any CPU.ActiveCfg = Release|Any CPU
		{122A507F-A736-440E-9814-CFF77B84D32E}.Release|Any CPU.Build.0 = Release|Any CPU
		{F0A41095-26D7-4AAD-9732-20C845C9C690}.Debug|Any CPU.ActiveCfg = Debug|Any CPU
		{F0A41095-26D7-4AAD-9732-20C845C9C690}.Debug|Any CPU.Build.0 = Debug|Any CPU
		{F0A41095-26D7-4AAD-9732-20C845C9C690}.Release|Any CPU.ActiveCfg = Release|Any CPU
		{F0A41095-26D7-4AAD-9732-20C845C9C690}.Release|Any CPU.Build.0 = Release|Any CPU
		{815CE8C2-EB26-4857-8E4E-F87B587039B5}.Debug|Any CPU.ActiveCfg = Debug|Any CPU
		{815CE8C2-EB26-4857-8E4E-F87B587039B5}.Debug|Any CPU.Build.0 = Debug|Any CPU
		{815CE8C2-EB26-4857-8E4E-F87B587039B5}.Release|Any CPU.ActiveCfg = Release|Any CPU
		{815CE8C2-EB26-4857-8E4E-F87B587039B5}.Release|Any CPU.Build.0 = Release|Any CPU
	EndGlobalSection
	GlobalSection(SolutionProperties) = preSolution
		HideSolutionNode = FALSE
	EndGlobalSection
	GlobalSection(ExtensibilityGlobals) = postSolution
		SolutionGuid = {BFCB5011-C3D7-4E42-9C90-99E798523791}
	EndGlobalSection
EndGlobal
